<?xml version="1.0" encoding="UTF-8" standalone="yes" ?>
<CodeBlocks_project_file>
	<FileVersion major="1" minor="6" />
	<Project>
		<Option title="Tuareg" />
		<Option pch_mode="2" />
		<Option compiler="gnu_gcc_compiler_for_stm32" />
		<Build>
			<Target title="Debug">
				<Option output="bin/Debug/Tuareg" prefix_auto="1" extension_auto="1" />
				<Option object_output="obj/Debug/" />
				<Option type="1" />
				<Option compiler="gnu_gcc_compiler_for_stm32" />
				<Compiler>
					<Add option="-g3" />
				</Compiler>
			</Target>
			<Target title="Release">
				<Option output="bin/Release/Tuareg" prefix_auto="1" extension_auto="1" />
				<Option object_output="obj/Release/" />
				<Option type="1" />
				<Option compiler="gnu_gcc_compiler_for_stm32" />
				<Compiler>
					<Add option="-O2" />
				</Compiler>
				<Linker>
					<Add option="-s" />
				</Linker>
			</Target>
		</Build>
		<Compiler>
			<Add option="-mthumb-interwork" />
			<Add option="-mlittle-endian" />
			<Add option="-fomit-frame-pointer" />
			<Add option="-Wfloat-equal" />
			<Add option="-Winline" />
			<Add option="-Wunreachable-code" />
			<Add option="-Wall" />
			<Add option="-std=c99" />
			<Add option="-march=armv7e-m -mfloat-abi=hard  -mcpu=cortex-m4 -mfpu=fpv4-sp-d16 -mthumb" />
			<Add option="-Wdouble-promotion -fsingle-precision-constant" />
			<Add option="-fno-common  -fno-builtin -ffreestanding  -Wall" />
			<Add option="-ffunction-sections -fdata-sections -Wl,--gc-sections" />
			<Add option="-DSTM32F410xx" />
			<Add option='-DHSE_VALUE=&quot;((uint32_t)8000000)&quot;' />
			<Add option="-DUSE_STDPERIPH_DRIVER" />
			<Add directory="stm32_libs/stm32f4xx" />
			<Add directory="stm32_libs/stm32f4xx/cmsis" />
			<Add directory="stm32_libs/stm32f4xx/spl" />
		</Compiler>
		<Linker>
			<Add option="-Wl,--gc-sections  -T$(PROJECT_DIR)stm32_libs/stm32f4xx/linker_scripts/stm32f410_f128_r32.ld -specs=nano.specs" />
			<Add option="-I$(PROJECT_DIR)stm32_libs/stm32f4xx/cmsis -I$(PROJECT_DIR)stm32_libs/stm32f4xx/spl -I$(PROJECT_DIR)stm32_libs/stm32f4xx/boctok" />
			<Add option="-march=armv7e-m -nostdlib  -nostartfiles -march=armv7e-m -mfloat-abi=hard  -mcpu=cortex-m4 -mfpu=fpv4-sp-d16 -mthumb" />
		</Linker>
		<ExtraCommands>
			<Add after="arm-none-eabi-size $(TARGET_OUTPUT_FILE)" />
			<Add after="arm-none-eabi-objcopy $(TARGET_OUTPUT_FILE) -Obinary $(TARGET_OUTPUT_DIR)$(TARGET_OUTPUT_BASENAME).bin" />
			<Mode after="always" />
		</ExtraCommands>
		<Unit filename="Tuareg.c">
			<Option compilerVar="CC" />
		</Unit>
		<Unit filename="Tuareg.h" />
		<Unit filename="TunerStudio.c">
			<Option compilerVar="CC" />
		</Unit>
		<Unit filename="TunerStudio.h" />
		<Unit filename="arduino_types.h" />
		<Unit filename="config.c">
			<Option compilerVar="CC" />
		</Unit>
		<Unit filename="config.h" />
		<Unit filename="config_pages.h" />
		<Unit filename="conversion.c">
			<Option compilerVar="CC" />
		</Unit>
		<Unit filename="conversion.h" />
		<Unit filename="dash_hw.c">
			<Option compilerVar="CC" />
		</Unit>
		<Unit filename="dash_hw.h" />
		<Unit filename="dash_logic.c">
			<Option compilerVar="CC" />
		</Unit>
		<Unit filename="dash_logic.h" />
		<Unit filename="debug.c">
			<Option compilerVar="CC" />
		</Unit>
		<Unit filename="debug.h" />
		<Unit filename="decoder_hw.c">
			<Option compilerVar="CC" />
		</Unit>
		<Unit filename="decoder_hw.h" />
		<Unit filename="decoder_logic.c">
			<Option compilerVar="CC" />
		</Unit>
		<Unit filename="decoder_logic.h" />
		<Unit filename="eeprom.c">
			<Option compilerVar="CC" />
		</Unit>
		<Unit filename="eeprom.h" />
		<Unit filename="eeprom_layout.h" />
		<Unit filename="fuel_hw.c">
			<Option compilerVar="CC" />
		</Unit>
		<Unit filename="fuel_hw.h" />
		<Unit filename="fuel_logic.c">
			<Option compilerVar="CC" />
		</Unit>
		<Unit filename="fuel_logic.h" />
		<Unit filename="ignition_hw.c">
			<Option compilerVar="CC" />
		</Unit>
		<Unit filename="ignition_hw.h" />
		<Unit filename="ignition_logic.c">
			<Option compilerVar="CC" />
		</Unit>
		<Unit filename="ignition_logic.h" />
		<Unit filename="lowspeed_timers.c">
			<Option compilerVar="CC" />
		</Unit>
		<Unit filename="lowspeed_timers.h" />
		<Unit filename="main.c">
			<Option compilerVar="CC" />
		</Unit>
		<Unit filename="scheduler.c">
			<Option compilerVar="CC" />
		</Unit>
		<Unit filename="scheduler.h" />
		<Unit filename="sensors.c">
			<Option compilerVar="CC" />
		</Unit>
		<Unit filename="sensors.h" />
		<Unit filename="serial_monitor.c">
			<Option compilerVar="CC" />
		</Unit>
		<Unit filename="serial_monitor.h" />
		<Unit filename="stm32_libs/stm32f10x/boctok/stm32f10x_adc_boctok.h" />
		<Unit filename="stm32_libs/stm32f10x/boctok/stm32f10x_gpio_boctok.h" />
		<Unit filename="stm32_libs/stm32f10x/spl/misc.h" />
		<Unit filename="stm32_libs/stm32f10x/spl/stm32f10x.h" />
		<Unit filename="stm32_libs/stm32f10x/spl/stm32f10x_adc.h" />
		<Unit filename="stm32_libs/stm32f10x/spl/stm32f10x_bkp.h" />
		<Unit filename="stm32_libs/stm32f10x/spl/stm32f10x_can.h" />
		<Unit filename="stm32_libs/stm32f10x/spl/stm32f10x_cec.h" />
		<Unit filename="stm32_libs/stm32f10x/spl/stm32f10x_conf.h" />
		<Unit filename="stm32_libs/stm32f10x/spl/stm32f10x_crc.h" />
		<Unit filename="stm32_libs/stm32f10x/spl/stm32f10x_dac.h" />
		<Unit filename="stm32_libs/stm32f10x/spl/stm32f10x_dbgmcu.h" />
		<Unit filename="stm32_libs/stm32f10x/spl/stm32f10x_dma.h" />
		<Unit filename="stm32_libs/stm32f10x/spl/stm32f10x_exti.h" />
		<Unit filename="stm32_libs/stm32f10x/spl/stm32f10x_flash.h" />
		<Unit filename="stm32_libs/stm32f10x/spl/stm32f10x_fsmc.h" />
		<Unit filename="stm32_libs/stm32f10x/spl/stm32f10x_gpio.h" />
		<Unit filename="stm32_libs/stm32f10x/spl/stm32f10x_i2c.h" />
		<Unit filename="stm32_libs/stm32f10x/spl/stm32f10x_iwdg.h" />
		<Unit filename="stm32_libs/stm32f10x/spl/stm32f10x_pwr.h" />
		<Unit filename="stm32_libs/stm32f10x/spl/stm32f10x_rcc.h" />
		<Unit filename="stm32_libs/stm32f10x/spl/stm32f10x_rtc.h" />
		<Unit filename="stm32_libs/stm32f10x/spl/stm32f10x_sdio.h" />
		<Unit filename="stm32_libs/stm32f10x/spl/stm32f10x_spi.h" />
		<Unit filename="stm32_libs/stm32f10x/spl/stm32f10x_tim.h" />
		<Unit filename="stm32_libs/stm32f10x/spl/stm32f10x_usart.h" />
		<Unit filename="stm32_libs/stm32f10x/spl/stm32f10x_wwdg.h" />
		<Unit filename="stm32_libs/stm32f4xx/boctok/boctok_types.h" />
		<Unit filename="stm32_libs/stm32f4xx/boctok/stm32f4xx_adc.c">
			<Option compilerVar="CC" />
		</Unit>
		<Unit filename="stm32_libs/stm32f4xx/boctok/stm32f4xx_adc.h" />
		<Unit filename="stm32_libs/stm32f4xx/boctok/stm32f4xx_gpio.c">
			<Option compilerVar="CC" />
		</Unit>
		<Unit filename="stm32_libs/stm32f4xx/boctok/stm32f4xx_gpio.h" />
		<Unit filename="stm32_libs/stm32f4xx/cmsis/arm_math.h" />
		<Unit filename="stm32_libs/stm32f4xx/cmsis/startup_stm32f410xx.s" />
		<Unit filename="stm32_libs/stm32f4xx/cmsis/stm32f4xx.h" />
		<Unit filename="stm32_libs/stm32f4xx/cmsis/system_hse100_stm32f410.c">
			<Option compilerVar="CC" />
		</Unit>
		<Unit filename="stm32_libs/stm32f4xx/cmsis/system_stm32f4xx.h" />
		<Unit filename="stm32_libs/stm32f4xx/spl/misc.c">
			<Option compilerVar="CC" />
		</Unit>
		<Unit filename="stm32_libs/stm32f4xx/spl/misc.h" />
		<Unit filename="stm32_libs/stm32f4xx/spl/stm32f4xx_adc.c">
			<Option compilerVar="CC" />
		</Unit>
		<Unit filename="stm32_libs/stm32f4xx/spl/stm32f4xx_adc.h" />
		<Unit filename="stm32_libs/stm32f4xx/spl/stm32f4xx_can.h" />
		<Unit filename="stm32_libs/stm32f4xx/spl/stm32f4xx_cec.h" />
		<Unit filename="stm32_libs/stm32f4xx/spl/stm32f4xx_crc.h" />
		<Unit filename="stm32_libs/stm32f4xx/spl/stm32f4xx_cryp.h" />
		<Unit filename="stm32_libs/stm32f4xx/spl/stm32f4xx_dac.h" />
		<Unit filename="stm32_libs/stm32f4xx/spl/stm32f4xx_dbgmcu.c">
			<Option compilerVar="CC" />
		</Unit>
		<Unit filename="stm32_libs/stm32f4xx/spl/stm32f4xx_dbgmcu.h" />
		<Unit filename="stm32_libs/stm32f4xx/spl/stm32f4xx_dcmi.h" />
		<Unit filename="stm32_libs/stm32f4xx/spl/stm32f4xx_dfsdm.h" />
		<Unit filename="stm32_libs/stm32f4xx/spl/stm32f4xx_dma.c">
			<Option compilerVar="CC" />
		</Unit>
		<Unit filename="stm32_libs/stm32f4xx/spl/stm32f4xx_dma.h" />
		<Unit filename="stm32_libs/stm32f4xx/spl/stm32f4xx_dma2d.h" />
		<Unit filename="stm32_libs/stm32f4xx/spl/stm32f4xx_dsi.h" />
		<Unit filename="stm32_libs/stm32f4xx/spl/stm32f4xx_exti.h" />
		<Unit filename="stm32_libs/stm32f4xx/spl/stm32f4xx_flash.h" />
		<Unit filename="stm32_libs/stm32f4xx/spl/stm32f4xx_flash_ramfunc.h" />
		<Unit filename="stm32_libs/stm32f4xx/spl/stm32f4xx_fmc.h" />
		<Unit filename="stm32_libs/stm32f4xx/spl/stm32f4xx_fmpi2c.h" />
		<Unit filename="stm32_libs/stm32f4xx/spl/stm32f4xx_fsmc.h" />
		<Unit filename="stm32_libs/stm32f4xx/spl/stm32f4xx_gpio.h" />
		<Unit filename="stm32_libs/stm32f4xx/spl/stm32f4xx_hash.h" />
		<Unit filename="stm32_libs/stm32f4xx/spl/stm32f4xx_i2c.c">
			<Option compilerVar="CC" />
		</Unit>
		<Unit filename="stm32_libs/stm32f4xx/spl/stm32f4xx_i2c.h" />
		<Unit filename="stm32_libs/stm32f4xx/spl/stm32f4xx_iwdg.h" />
		<Unit filename="stm32_libs/stm32f4xx/spl/stm32f4xx_lptim.h" />
		<Unit filename="stm32_libs/stm32f4xx/spl/stm32f4xx_ltdc.h" />
		<Unit filename="stm32_libs/stm32f4xx/spl/stm32f4xx_pwr.h" />
		<Unit filename="stm32_libs/stm32f4xx/spl/stm32f4xx_qspi.h" />
		<Unit filename="stm32_libs/stm32f4xx/spl/stm32f4xx_rcc.c">
			<Option compilerVar="CC" />
		</Unit>
		<Unit filename="stm32_libs/stm32f4xx/spl/stm32f4xx_rcc.h" />
		<Unit filename="stm32_libs/stm32f4xx/spl/stm32f4xx_rng.h" />
		<Unit filename="stm32_libs/stm32f4xx/spl/stm32f4xx_rtc.h" />
		<Unit filename="stm32_libs/stm32f4xx/spl/stm32f4xx_sai.h" />
		<Unit filename="stm32_libs/stm32f4xx/spl/stm32f4xx_sdio.h" />
		<Unit filename="stm32_libs/stm32f4xx/spl/stm32f4xx_spdifrx.h" />
		<Unit filename="stm32_libs/stm32f4xx/spl/stm32f4xx_spi.c">
			<Option compilerVar="CC" />
		</Unit>
		<Unit filename="stm32_libs/stm32f4xx/spl/stm32f4xx_spi.h" />
		<Unit filename="stm32_libs/stm32f4xx/spl/stm32f4xx_syscfg.c">
			<Option compilerVar="CC" />
		</Unit>
		<Unit filename="stm32_libs/stm32f4xx/spl/stm32f4xx_syscfg.h" />
		<Unit filename="stm32_libs/stm32f4xx/spl/stm32f4xx_tim.c">
			<Option compilerVar="CC" />
		</Unit>
		<Unit filename="stm32_libs/stm32f4xx/spl/stm32f4xx_tim.h" />
		<Unit filename="stm32_libs/stm32f4xx/spl/stm32f4xx_usart.c">
			<Option compilerVar="CC" />
		</Unit>
		<Unit filename="stm32_libs/stm32f4xx/spl/stm32f4xx_usart.h" />
		<Unit filename="stm32_libs/stm32f4xx/spl/stm32f4xx_wwdg.c">
			<Option compilerVar="CC" />
		</Unit>
		<Unit filename="stm32_libs/stm32f4xx/spl/stm32f4xx_wwdg.h" />
		<Unit filename="table.c">
			<Option compilerVar="CC" />
		</Unit>
		<Unit filename="table.h" />
		<Unit filename="uart.c">
			<Option compilerVar="CC" />
		</Unit>
		<Unit filename="uart.h" />
		<Unit filename="utils.c">
			<Option compilerVar="CC" />
		</Unit>
		<Unit filename="utils.h" />
		<Extensions>
			<code_completion />
			<envvars />
			<lib_finder disable_auto="1" />
			<debugger>
				<remote_debugging>
					<options conn_type="0" serial_baud="115200" ip_address="localhost" ip_port="4242" additional_cmds="load" additional_cmds_before="file $(TARGET_OUTPUT_BASENAME)" extended_remote="1" />
				</remote_debugging>
			</debugger>
		</Extensions>
	</Project>
</CodeBlocks_project_file>
